
Microsoft Visual Studio Solution File, Format Version 12.00
# Visual Studio 15
Project("{FAE04EC0-301F-11D3-BF4B-00C04F79EFBC}") = "MoreMountains.Feedbacks.MMTools", "MoreMountains.Feedbacks.MMTools.csproj", "{F5E5F29F-CA06-FE1B-665E-850D95E17A3A}"
EndProject
Project("{FAE04EC0-301F-11D3-BF4B-00C04F79EFBC}") = "MoreMountains.TopDownEngine", "MoreMountains.TopDownEngine.csproj", "{0838D867-1F0A-0E92-702C-68D7719CB407}"
EndProject
Project("{FAE04EC0-301F-11D3-BF4B-00C04F79EFBC}") = "MoreMountains.Interface", "MoreMountains.Interface.csproj", "{9196925A-AE7D-ED16-C797-32B4BE043C70}"
EndProject
Project("{FAE04EC0-301F-11D3-BF4B-00C04F79EFBC}") = "MoreMountains.Feedbacks", "MoreMountains.Feedbacks.csproj", "{F1A06C88-096B-AC58-59E1-E1149E91E64E}"
EndProject
Project("{FAE04EC0-301F-11D3-BF4B-00C04F79EFBC}") = "MoreMountains.Tools", "MoreMountains.Tools.csproj", "{183F6BF5-AE4B-BC9E-48B2-B98B894EE4E8}"
EndProject
Project("{FAE04EC0-301F-11D3-BF4B-00C04F79EFBC}") = "MoreMountains.Feedbacks.NiceVibrations", "MoreMountains.Feedbacks.NiceVibrations.csproj", "{0E7375DE-999B-F23A-25BD-546F425F82A3}"
EndProject
Project("{FAE04EC0-301F-11D3-BF4B-00C04F79EFBC}") = "MoreMountains.Tools.Cinemachine", "MoreMountains.Tools.Cinemachine.csproj", "{F6C952B8-5041-8090-439B-D8346561A5DB}"
EndProject
Project("{FAE04EC0-301F-11D3-BF4B-00C04F79EFBC}") = "MoreMountains.InventoryEngine", "MoreMountains.InventoryEngine.csproj", "{BCA99A5D-13F2-66A0-DF07-E0B1A2A521FC}"
EndProject
Project("{FAE04EC0-301F-11D3-BF4B-00C04F79EFBC}") = "Unity.2D.Tilemap.Extras", "Unity.2D.Tilemap.Extras.csproj", "{E5FACE36-48D3-26AA-45CE-3A3F7CFF822C}"
EndProject
Project("{FAE04EC0-301F-11D3-BF4B-00C04F79EFBC}") = "MoreMountains.Feedbacks.TextMeshPro", "MoreMountains.Feedbacks.TextMeshPro.csproj", "{9AD91570-D7A5-B5E1-663C-7F6D78427F29}"
EndProject
Project("{FAE04EC0-301F-11D3-BF4B-00C04F79EFBC}") = "MoreMountains.Feedbacks.PostProcessing", "MoreMountains.Feedbacks.PostProcessing.csproj", "{DCCC70B7-E4B5-6A07-C7C3-11A1AD278CD5}"
EndProject
Project("{FAE04EC0-301F-11D3-BF4B-00C04F79EFBC}") = "MoreMountains.TopDownEngine.Cinemachine", "MoreMountains.TopDownEngine.Cinemachine.csproj", "{89431E61-1174-2CA4-E5BF-D96F1593E9AD}"
EndProject
Project("{FAE04EC0-301F-11D3-BF4B-00C04F79EFBC}") = "NavMeshComponents", "NavMeshComponents.csproj", "{D099D0A0-6B61-27DD-A0FF-954BBB3CF94C}"
EndProject
Project("{FAE04EC0-301F-11D3-BF4B-00C04F79EFBC}") = "MoreMountains.TopDownEngine.Demos", "MoreMountains.TopDownEngine.Demos.csproj", "{24395AAC-3190-8008-3321-92DE43DCA24B}"
EndProject
Project("{FAE04EC0-301F-11D3-BF4B-00C04F79EFBC}") = "MoreMountains.Feedbacks.Cinemachine", "MoreMountains.Feedbacks.Cinemachine.csproj", "{7A409B7B-F74E-BF63-14B2-A3DBAF9BF4FD}"
EndProject
Project("{FAE04EC0-301F-11D3-BF4B-00C04F79EFBC}") = "Assembly-CSharp", "Assembly-CSharp.csproj", "{9C26B635-B0E2-8231-CB3C-CB96F06C2F22}"
EndProject
Project("{FAE04EC0-301F-11D3-BF4B-00C04F79EFBC}") = "MoreMountains.Tools.Feedbacks", "MoreMountains.Tools.Feedbacks.csproj", "{D6B18551-D6DC-3CA5-52F2-CF7707DFC13E}"
EndProject
Project("{FAE04EC0-301F-11D3-BF4B-00C04F79EFBC}") = "MoreMountains.TopDownEngine.PostProcessing", "MoreMountains.TopDownEngine.PostProcessing.csproj", "{77F04DC8-8146-6BB2-9DCB-451714591CF6}"
EndProject
Project("{FAE04EC0-301F-11D3-BF4B-00C04F79EFBC}") = "MoreMountains.InventoryEngine.Demos", "MoreMountains.InventoryEngine.Demos.csproj", "{E8F5E4EE-7B05-666F-28DF-6CB6C7D2F40B}"
EndProject
Project("{FAE04EC0-301F-11D3-BF4B-00C04F79EFBC}") = "MoreMountains.Tools.TextMeshPro", "MoreMountains.Tools.TextMeshPro.csproj", "{59154317-0ADB-2131-14B2-BD25E5DA5BDC}"
EndProject
Project("{FAE04EC0-301F-11D3-BF4B-00C04F79EFBC}") = "MoreMountains.Tools.Editor", "MoreMountains.Tools.Editor.csproj", "{B4146EAB-7E58-A5A9-3D3C-2C85383C6479}"
EndProject
Project("{FAE04EC0-301F-11D3-BF4B-00C04F79EFBC}") = "MoreMountains.InventoryEngine.Editor", "MoreMountains.InventoryEngine.Editor.csproj", "{7B4573BB-ACD2-FCE6-6AB1-16E3B260352F}"
EndProject
Project("{FAE04EC0-301F-11D3-BF4B-00C04F79EFBC}") = "Unity.2D.Tilemap.Extras.Editor", "Unity.2D.Tilemap.Extras.Editor.csproj", "{577A72DE-272E-5D39-ED86-D2517E1695A8}"
EndProject
Project("{FAE04EC0-301F-11D3-BF4B-00C04F79EFBC}") = "NavMeshComponentsEditor", "NavMeshComponentsEditor.csproj", "{35AEE5C7-43DA-3FE7-8953-F7DE56FFEC64}"
EndProject
Project("{FAE04EC0-301F-11D3-BF4B-00C04F79EFBC}") = "MoreMountains.Feedbacks.Editor", "MoreMountains.Feedbacks.Editor.csproj", "{A2194313-4A92-4C22-343B-D5C69287CB50}"
EndProject
Project("{FAE04EC0-301F-11D3-BF4B-00C04F79EFBC}") = "Unity.2D.Tilemap.Extras.Placeholder.EditorTests", "Unity.2D.Tilemap.Extras.Placeholder.EditorTests.csproj", "{55585983-7343-57ED-E1A6-0A1CFCD25BC4}"
EndProject
Project("{FAE04EC0-301F-11D3-BF4B-00C04F79EFBC}") = "MoreMountains.TopDownEngine.Editor", "MoreMountains.TopDownEngine.Editor.csproj", "{0EBF1BDE-BA44-3E14-CA40-0AE6B242B24C}"
EndProject
Project("{FAE04EC0-301F-11D3-BF4B-00C04F79EFBC}") = "MoreMountains.Tools.Feedbacks.Editor", "MoreMountains.Tools.Feedbacks.Editor.csproj", "{318019F5-166A-A126-8B7E-5F372E6FD7FE}"
EndProject
Project("{FAE04EC0-301F-11D3-BF4B-00C04F79EFBC}") = "MoreMountains.TopDownEngine.Cinemachine.Editor", "MoreMountains.TopDownEngine.Cinemachine.Editor.csproj", "{AEB09F25-8F4F-4BAC-25C8-0BC0B672D3CB}"
EndProject
Project("{FAE04EC0-301F-11D3-BF4B-00C04F79EFBC}") = "MoreMountains.Interface.Editor", "MoreMountains.Interface.Editor.csproj", "{3EFE2C37-835A-9FF6-F7D7-3D8251976AB5}"
EndProject
Global
	GlobalSection(SolutionConfigurationPlatforms) = preSolution
		Debug|Any CPU = Debug|Any CPU
		Release|Any CPU = Release|Any CPU
	EndGlobalSection
	GlobalSection(ProjectConfigurationPlatforms) = postSolution
		{F5E5F29F-CA06-FE1B-665E-850D95E17A3A}.Debug|Any CPU.ActiveCfg = Debug|Any CPU
		{F5E5F29F-CA06-FE1B-665E-850D95E17A3A}.Debug|Any CPU.Build.0 = Debug|Any CPU
		{F5E5F29F-CA06-FE1B-665E-850D95E17A3A}.Release|Any CPU.ActiveCfg = Release|Any CPU
		{F5E5F29F-CA06-FE1B-665E-850D95E17A3A}.Release|Any CPU.Build.0 = Release|Any CPU
		{0838D867-1F0A-0E92-702C-68D7719CB407}.Debug|Any CPU.ActiveCfg = Debug|Any CPU
		{0838D867-1F0A-0E92-702C-68D7719CB407}.Debug|Any CPU.Build.0 = Debug|Any CPU
		{0838D867-1F0A-0E92-702C-68D7719CB407}.Release|Any CPU.ActiveCfg = Release|Any CPU
		{0838D867-1F0A-0E92-702C-68D7719CB407}.Release|Any CPU.Build.0 = Release|Any CPU
		{9196925A-AE7D-ED16-C797-32B4BE043C70}.Debug|Any CPU.ActiveCfg = Debug|Any CPU
		{9196925A-AE7D-ED16-C797-32B4BE043C70}.Debug|Any CPU.Build.0 = Debug|Any CPU
		{9196925A-AE7D-ED16-C797-32B4BE043C70}.Release|Any CPU.ActiveCfg = Release|Any CPU
		{9196925A-AE7D-ED16-C797-32B4BE043C70}.Release|Any CPU.Build.0 = Release|Any CPU
		{F1A06C88-096B-AC58-59E1-E1149E91E64E}.Debug|Any CPU.ActiveCfg = Debug|Any CPU
		{F1A06C88-096B-AC58-59E1-E1149E91E64E}.Debug|Any CPU.Build.0 = Debug|Any CPU
		{F1A06C88-096B-AC58-59E1-E1149E91E64E}.Release|Any CPU.ActiveCfg = Release|Any CPU
		{F1A06C88-096B-AC58-59E1-E1149E91E64E}.Release|Any CPU.Build.0 = Release|Any CPU
		{183F6BF5-AE4B-BC9E-48B2-B98B894EE4E8}.Debug|Any CPU.ActiveCfg = Debug|Any CPU
		{183F6BF5-AE4B-BC9E-48B2-B98B894EE4E8}.Debug|Any CPU.Build.0 = Debug|Any CPU
		{183F6BF5-AE4B-BC9E-48B2-B98B894EE4E8}.Release|Any CPU.ActiveCfg = Release|Any CPU
		{183F6BF5-AE4B-BC9E-48B2-B98B894EE4E8}.Release|Any CPU.Build.0 = Release|Any CPU
		{0E7375DE-999B-F23A-25BD-546F425F82A3}.Debug|Any CPU.ActiveCfg = Debug|Any CPU
		{0E7375DE-999B-F23A-25BD-546F425F82A3}.Debug|Any CPU.Build.0 = Debug|Any CPU
		{0E7375DE-999B-F23A-25BD-546F425F82A3}.Release|Any CPU.ActiveCfg = Release|Any CPU
		{0E7375DE-999B-F23A-25BD-546F425F82A3}.Release|Any CPU.Build.0 = Release|Any CPU
		{F6C952B8-5041-8090-439B-D8346561A5DB}.Debug|Any CPU.ActiveCfg = Debug|Any CPU
		{F6C952B8-5041-8090-439B-D8346561A5DB}.Debug|Any CPU.Build.0 = Debug|Any CPU
		{F6C952B8-5041-8090-439B-D8346561A5DB}.Release|Any CPU.ActiveCfg = Release|Any CPU
		{F6C952B8-5041-8090-439B-D8346561A5DB}.Release|Any CPU.Build.0 = Release|Any CPU
		{BCA99A5D-13F2-66A0-DF07-E0B1A2A521FC}.Debug|Any CPU.ActiveCfg = Debug|Any CPU
		{BCA99A5D-13F2-66A0-DF07-E0B1A2A521FC}.Debug|Any CPU.Build.0 = Debug|Any CPU
		{BCA99A5D-13F2-66A0-DF07-E0B1A2A521FC}.Release|Any CPU.ActiveCfg = Release|Any CPU
		{BCA99A5D-13F2-66A0-DF07-E0B1A2A521FC}.Release|Any CPU.Build.0 = Release|Any CPU
		{E5FACE36-48D3-26AA-45CE-3A3F7CFF822C}.Debug|Any CPU.ActiveCfg = Debug|Any CPU
		{E5FACE36-48D3-26AA-45CE-3A3F7CFF822C}.Debug|Any CPU.Build.0 = Debug|Any CPU
		{E5FACE36-48D3-26AA-45CE-3A3F7CFF822C}.Release|Any CPU.ActiveCfg = Release|Any CPU
		{E5FACE36-48D3-26AA-45CE-3A3F7CFF822C}.Release|Any CPU.Build.0 = Release|Any CPU
		{9AD91570-D7A5-B5E1-663C-7F6D78427F29}.Debug|Any CPU.ActiveCfg = Debug|Any CPU
		{9AD91570-D7A5-B5E1-663C-7F6D78427F29}.Debug|Any CPU.Build.0 = Debug|Any CPU
		{9AD91570-D7A5-B5E1-663C-7F6D78427F29}.Release|Any CPU.ActiveCfg = Release|Any CPU
		{9AD91570-D7A5-B5E1-663C-7F6D78427F29}.Release|Any CPU.Build.0 = Release|Any CPU
		{DCCC70B7-E4B5-6A07-C7C3-11A1AD278CD5}.Debug|Any CPU.ActiveCfg = Debug|Any CPU
		{DCCC70B7-E4B5-6A07-C7C3-11A1AD278CD5}.Debug|Any CPU.Build.0 = Debug|Any CPU
		{DCCC70B7-E4B5-6A07-C7C3-11A1AD278CD5}.Release|Any CPU.ActiveCfg = Release|Any CPU
		{DCCC70B7-E4B5-6A07-C7C3-11A1AD278CD5}.Release|Any CPU.Build.0 = Release|Any CPU
		{89431E61-1174-2CA4-E5BF-D96F1593E9AD}.Debug|Any CPU.ActiveCfg = Debug|Any CPU
		{89431E61-1174-2CA4-E5BF-D96F1593E9AD}.Debug|Any CPU.Build.0 = Debug|Any CPU
		{89431E61-1174-2CA4-E5BF-D96F1593E9AD}.Release|Any CPU.ActiveCfg = Release|Any CPU
		{89431E61-1174-2CA4-E5BF-D96F1593E9AD}.Release|Any CPU.Build.0 = Release|Any CPU
		{D099D0A0-6B61-27DD-A0FF-954BBB3CF94C}.Debug|Any CPU.ActiveCfg = Debug|Any CPU
		{D099D0A0-6B61-27DD-A0FF-954BBB3CF94C}.Debug|Any CPU.Build.0 = Debug|Any CPU
		{D099D0A0-6B61-27DD-A0FF-954BBB3CF94C}.Release|Any CPU.ActiveCfg = Release|Any CPU
		{D099D0A0-6B61-27DD-A0FF-954BBB3CF94C}.Release|Any CPU.Build.0 = Release|Any CPU
		{24395AAC-3190-8008-3321-92DE43DCA24B}.Debug|Any CPU.ActiveCfg = Debug|Any CPU
		{24395AAC-3190-8008-3321-92DE43DCA24B}.Debug|Any CPU.Build.0 = Debug|Any CPU
		{24395AAC-3190-8008-3321-92DE43DCA24B}.Release|Any CPU.ActiveCfg = Release|Any CPU
		{24395AAC-3190-8008-3321-92DE43DCA24B}.Release|Any CPU.Build.0 = Release|Any CPU
		{7A409B7B-F74E-BF63-14B2-A3DBAF9BF4FD}.Debug|Any CPU.ActiveCfg = Debug|Any CPU
		{7A409B7B-F74E-BF63-14B2-A3DBAF9BF4FD}.Debug|Any CPU.Build.0 = Debug|Any CPU
		{7A409B7B-F74E-BF63-14B2-A3DBAF9BF4FD}.Release|Any CPU.ActiveCfg = Release|Any CPU
		{7A409B7B-F74E-BF63-14B2-A3DBAF9BF4FD}.Release|Any CPU.Build.0 = Release|Any CPU
		{9C26B635-B0E2-8231-CB3C-CB96F06C2F22}.Debug|Any CPU.ActiveCfg = Debug|Any CPU
		{9C26B635-B0E2-8231-CB3C-CB96F06C2F22}.Debug|Any CPU.Build.0 = Debug|Any CPU
		{9C26B635-B0E2-8231-CB3C-CB96F06C2F22}.Release|Any CPU.ActiveCfg = Release|Any CPU
		{9C26B635-B0E2-8231-CB3C-CB96F06C2F22}.Release|Any CPU.Build.0 = Release|Any CPU
		{D6B18551-D6DC-3CA5-52F2-CF7707DFC13E}.Debug|Any CPU.ActiveCfg = Debug|Any CPU
		{D6B18551-D6DC-3CA5-52F2-CF7707DFC13E}.Debug|Any CPU.Build.0 = Debug|Any CPU
		{D6B18551-D6DC-3CA5-52F2-CF7707DFC13E}.Release|Any CPU.ActiveCfg = Release|Any CPU
		{D6B18551-D6DC-3CA5-52F2-CF7707DFC13E}.Release|Any CPU.Build.0 = Release|Any CPU
		{77F04DC8-8146-6BB2-9DCB-451714591CF6}.Debug|Any CPU.ActiveCfg = Debug|Any CPU
		{77F04DC8-8146-6BB2-9DCB-451714591CF6}.Debug|Any CPU.Build.0 = Debug|Any CPU
		{77F04DC8-8146-6BB2-9DCB-451714591CF6}.Release|Any CPU.ActiveCfg = Release|Any CPU
		{77F04DC8-8146-6BB2-9DCB-451714591CF6}.Release|Any CPU.Build.0 = Release|Any CPU
		{E8F5E4EE-7B05-666F-28DF-6CB6C7D2F40B}.Debug|Any CPU.ActiveCfg = Debug|Any CPU
		{E8F5E4EE-7B05-666F-28DF-6CB6C7D2F40B}.Debug|Any CPU.Build.0 = Debug|Any CPU
		{E8F5E4EE-7B05-666F-28DF-6CB6C7D2F40B}.Release|Any CPU.ActiveCfg = Release|Any CPU
		{E8F5E4EE-7B05-666F-28DF-6CB6C7D2F40B}.Release|Any CPU.Build.0 = Release|Any CPU
		{59154317-0ADB-2131-14B2-BD25E5DA5BDC}.Debug|Any CPU.ActiveCfg = Debug|Any CPU
		{59154317-0ADB-2131-14B2-BD25E5DA5BDC}.Debug|Any CPU.Build.0 = Debug|Any CPU
		{59154317-0ADB-2131-14B2-BD25E5DA5BDC}.Release|Any CPU.ActiveCfg = Release|Any CPU
		{59154317-0ADB-2131-14B2-BD25E5DA5BDC}.Release|Any CPU.Build.0 = Release|Any CPU
		{B4146EAB-7E58-A5A9-3D3C-2C85383C6479}.Debug|Any CPU.ActiveCfg = Debug|Any CPU
		{B4146EAB-7E58-A5A9-3D3C-2C85383C6479}.Debug|Any CPU.Build.0 = Debug|Any CPU
		{B4146EAB-7E58-A5A9-3D3C-2C85383C6479}.Release|Any CPU.ActiveCfg = Release|Any CPU
		{B4146EAB-7E58-A5A9-3D3C-2C85383C6479}.Release|Any CPU.Build.0 = Release|Any CPU
		{7B4573BB-ACD2-FCE6-6AB1-16E3B260352F}.Debug|Any CPU.ActiveCfg = Debug|Any CPU
		{7B4573BB-ACD2-FCE6-6AB1-16E3B260352F}.Debug|Any CPU.Build.0 = Debug|Any CPU
		{7B4573BB-ACD2-FCE6-6AB1-16E3B260352F}.Release|Any CPU.ActiveCfg = Release|Any CPU
		{7B4573BB-ACD2-FCE6-6AB1-16E3B260352F}.Release|Any CPU.Build.0 = Release|Any CPU
		{577A72DE-272E-5D39-ED86-D2517E1695A8}.Debug|Any CPU.ActiveCfg = Debug|Any CPU
		{577A72DE-272E-5D39-ED86-D2517E1695A8}.Debug|Any CPU.Build.0 = Debug|Any CPU
		{577A72DE-272E-5D39-ED86-D2517E1695A8}.Release|Any CPU.ActiveCfg = Release|Any CPU
		{577A72DE-272E-5D39-ED86-D2517E1695A8}.Release|Any CPU.Build.0 = Release|Any CPU
		{35AEE5C7-43DA-3FE7-8953-F7DE56FFEC64}.Debug|Any CPU.ActiveCfg = Debug|Any CPU
		{35AEE5C7-43DA-3FE7-8953-F7DE56FFEC64}.Debug|Any CPU.Build.0 = Debug|Any CPU
		{35AEE5C7-43DA-3FE7-8953-F7DE56FFEC64}.Release|Any CPU.ActiveCfg = Release|Any CPU
		{35AEE5C7-43DA-3FE7-8953-F7DE56FFEC64}.Release|Any CPU.Build.0 = Release|Any CPU
		{A2194313-4A92-4C22-343B-D5C69287CB50}.Debug|Any CPU.ActiveCfg = Debug|Any CPU
		{A2194313-4A92-4C22-343B-D5C69287CB50}.Debug|Any CPU.Build.0 = Debug|Any CPU
		{A2194313-4A92-4C22-343B-D5C69287CB50}.Release|Any CPU.ActiveCfg = Release|Any CPU
		{A2194313-4A92-4C22-343B-D5C69287CB50}.Release|Any CPU.Build.0 = Release|Any CPU
		{55585983-7343-57ED-E1A6-0A1CFCD25BC4}.Debug|Any CPU.ActiveCfg = Debug|Any CPU
		{55585983-7343-57ED-E1A6-0A1CFCD25BC4}.Debug|Any CPU.Build.0 = Debug|Any CPU
		{55585983-7343-57ED-E1A6-0A1CFCD25BC4}.Release|Any CPU.ActiveCfg = Release|Any CPU
		{55585983-7343-57ED-E1A6-0A1CFCD25BC4}.Release|Any CPU.Build.0 = Release|Any CPU
		{0EBF1BDE-BA44-3E14-CA40-0AE6B242B24C}.Debug|Any CPU.ActiveCfg = Debug|Any CPU
		{0EBF1BDE-BA44-3E14-CA40-0AE6B242B24C}.Debug|Any CPU.Build.0 = Debug|Any CPU
		{0EBF1BDE-BA44-3E14-CA40-0AE6B242B24C}.Release|Any CPU.ActiveCfg = Release|Any CPU
		{0EBF1BDE-BA44-3E14-CA40-0AE6B242B24C}.Release|Any CPU.Build.0 = Release|Any CPU
		{318019F5-166A-A126-8B7E-5F372E6FD7FE}.Debug|Any CPU.ActiveCfg = Debug|Any CPU
		{318019F5-166A-A126-8B7E-5F372E6FD7FE}.Debug|Any CPU.Build.0 = Debug|Any CPU
		{318019F5-166A-A126-8B7E-5F372E6FD7FE}.Release|Any CPU.ActiveCfg = Release|Any CPU
		{318019F5-166A-A126-8B7E-5F372E6FD7FE}.Release|Any CPU.Build.0 = Release|Any CPU
		{AEB09F25-8F4F-4BAC-25C8-0BC0B672D3CB}.Debug|Any CPU.ActiveCfg = Debug|Any CPU
		{AEB09F25-8F4F-4BAC-25C8-0BC0B672D3CB}.Debug|Any CPU.Build.0 = Debug|Any CPU
		{AEB09F25-8F4F-4BAC-25C8-0BC0B672D3CB}.Release|Any CPU.ActiveCfg = Release|Any CPU
		{AEB09F25-8F4F-4BAC-25C8-0BC0B672D3CB}.Release|Any CPU.Build.0 = Release|Any CPU
		{3EFE2C37-835A-9FF6-F7D7-3D8251976AB5}.Debug|Any CPU.ActiveCfg = Debug|Any CPU
		{3EFE2C37-835A-9FF6-F7D7-3D8251976AB5}.Debug|Any CPU.Build.0 = Debug|Any CPU
		{3EFE2C37-835A-9FF6-F7D7-3D8251976AB5}.Release|Any CPU.ActiveCfg = Release|Any CPU
		{3EFE2C37-835A-9FF6-F7D7-3D8251976AB5}.Release|Any CPU.Build.0 = Release|Any CPU
	EndGlobalSection
	GlobalSection(SolutionProperties) = preSolution
		HideSolutionNode = FALSE
	EndGlobalSection
EndGlobal
